// !$*UTF8*$!
{
	archiveVersion = 1;
	classes = {
	};
	objectVersion = 56;
	objects = {

/* Begin PBXBuildFile section */
		F758C2322ABCA9DF009AF0DB /* AppDelegate.swift in Sources */ = {isa = PBXBuildFile; fileRef = F758C2312ABCA9DF009AF0DB /* AppDelegate.swift */; };
		F758C2342ABCA9DF009AF0DB /* SceneDelegate.swift in Sources */ = {isa = PBXBuildFile; fileRef = F758C2332ABCA9DF009AF0DB /* SceneDelegate.swift */; };
		F758C2362ABCA9DF009AF0DB /* ViewController.swift in Sources */ = {isa = PBXBuildFile; fileRef = F758C2352ABCA9DF009AF0DB /* ViewController.swift */; };
		F758C2392ABCA9DF009AF0DB /* Main.storyboard in Resources */ = {isa = PBXBuildFile; fileRef = F758C2372ABCA9DF009AF0DB /* Main.storyboard */; };
		F758C23B2ABCA9E0009AF0DB /* Assets.xcassets in Resources */ = {isa = PBXBuildFile; fileRef = F758C23A2ABCA9E0009AF0DB /* Assets.xcassets */; };
		F758C23E2ABCA9E0009AF0DB /* LaunchScreen.storyboard in Resources */ = {isa = PBXBuildFile; fileRef = F758C23C2ABCA9E0009AF0DB /* LaunchScreen.storyboard */; };
		F758C2462ABCA9F8009AF0DB /* ProfileDesignViewController.swift in Sources */ = {isa = PBXBuildFile; fileRef = F758C2452ABCA9F8009AF0DB /* ProfileDesignViewController.swift */; };
/* End PBXBuildFile section */

/* Begin PBXFileReference section */
		F758C22E2ABCA9DF009AF0DB /* ProfileDesignView.app */ = {isa = PBXFileReference; explicitFileType = wrapper.application; includeInIndex = 0; path = ProfileDesignView.app; sourceTree = BUILT_PRODUCTS_DIR; };
		F758C2312ABCA9DF009AF0DB /* AppDelegate.swift */ = {isa = PBXFileReference; lastKnownFileType = sourcecode.swift; path = AppDelegate.swift; sourceTree = "<group>"; };
		F758C2332ABCA9DF009AF0DB /* SceneDelegate.swift */ = {isa = PBXFileReference; lastKnownFileType = sourcecode.swift; path = SceneDelegate.swift; sourceTree = "<group>"; };
		F758C2352ABCA9DF009AF0DB /* ViewController.swift */ = {isa = PBXFileReference; lastKnownFileType = sourcecode.swift; path = ViewController.swift; sourceTree = "<group>"; };
		F758C2382ABCA9DF009AF0DB /* Base */ = {isa = PBXFileReference; lastKnownFileType = file.storyboard; name = Base; path = Base.lproj/Main.storyboard; sourceTree = "<group>"; };
		F758C23A2ABCA9E0009AF0DB /* Assets.xcassets */ = {isa = PBXFileReference; lastKnownFileType = folder.assetcatalog; path = Assets.xcassets; sourceTree = "<group>"; };
		F758C23D2ABCA9E0009AF0DB /* Base */ = {isa = PBXFileReference; lastKnownFileType = file.storyboard; name = Base; path = Base.lproj/LaunchScreen.storyboard; sourceTree = "<group>"; };
		F758C23F2ABCA9E0009AF0DB /* Info.plist */ = {isa = PBXFileReference; lastKnownFileType = text.plist.xml; path = Info.plist; sourceTree = "<group>"; };
		F758C2452ABCA9F8009AF0DB /* ProfileDesignViewController.swift */ = {isa = PBXFileReference; lastKnownFileType = sourcecode.swift; path = ProfileDesignViewController.swift; sourceTree = "<group>"; };
/* End PBXFileReference section */

/* Begin PBXFrameworksBuildPhase section */
		F758C22B2ABCA9DF009AF0DB /* Frameworks */ = {
			isa = PBXFrameworksBuildPhase;
			buildActionMask = 2147483647;
			files = (
			);
			runOnlyForDeploymentPostprocessing = 0;
		};
/* End PBXFrameworksBuildPhase section */

/* Begin PBXGroup section */
		F758C2252ABCA9DF009AF0DB = {
			isa = PBXGroup;
			children = (
				F758C2302ABCA9DF009AF0DB /* ProfileDesignView */,
				F758C22F2ABCA9DF009AF0DB /* Products */,
			);
			sourceTree = "<group>";
		};
		F758C22F2ABCA9DF009AF0DB /* Products */ = {
			isa = PBXGroup;
			children = (
				F758C22E2ABCA9DF009AF0DB /* ProfileDesignView.app */,
			);
			name = Products;
			sourceTree = "<group>";
		};
		F758C2302ABCA9DF009AF0DB /* ProfileDesignView */ = {
			isa = PBXGroup;
			children = (
				F758C2312ABCA9DF009AF0DB /* AppDelegate.swift */,
				F758C2332ABCA9DF009AF0DB /* SceneDelegate.swift */,
				F758C2352ABCA9DF009AF0DB /* ViewController.swift */,
				F758C2372ABCA9DF009AF0DB /* Main.storyboard */,
				F758C23A2ABCA9E0009AF0DB /* Assets.xcassets */,
				F758C23C2ABCA9E0009AF0DB /* LaunchScreen.storyboard */,
				F758C23F2ABCA9E0009AF0DB /* Info.plist */,
				F758C2452ABCA9F8009AF0DB /* ProfileDesignViewController.swift */,
			);
			path = ProfileDesignView;
			sourceTree = "<group>";
		};
/* End PBXGroup section */

/* Begin PBXNativeTarget section */
		F758C22D2ABCA9DF009AF0DB /* ProfileDesignView */ = {
			isa = PBXNativeTarget;
			buildConfigurationList = F758C2422ABCA9E0009AF0DB /* Build configuration list for PBXNativeTarget "ProfileDesignView" */;
			buildPhases = (
				F758C22A2ABCA9DF009AF0DB /* Sources */,
				F758C22B2ABCA9DF009AF0DB /* Frameworks */,
				F758C22C2ABCA9DF009AF0DB /* Resources */,
			);
			buildRules = (
			);
			dependencies = (
			);
			name = ProfileDesignView;
			productName = ProfileDesignView;
			productReference = F758C22E2ABCA9DF009AF0DB /* ProfileDesignView.app */;
			productType = "com.apple.product-type.application";
		};
/* End PBXNativeTarget section */

/* Begin PBXProject section */
		F758C2262ABCA9DF009AF0DB /* Project object */ = {
			isa = PBXProject;
			attributes = {
				BuildIndependentTargetsInParallel = 1;
				LastSwiftUpdateCheck = 1430;
				LastUpgradeCheck = 1430;
				TargetAttributes = {
					F758C22D2ABCA9DF009AF0DB = {
						CreatedOnToolsVersion = 14.3.1;
					};
				};
			};
			buildConfigurationList = F758C2292ABCA9DF009AF0DB /* Build configuration list for PBXProject "ProfileDesignView" */;
			compatibilityVersion = "Xcode 14.0";
			developmentRegion = en;
			hasScannedForEncodings = 0;
			knownRegions = (
				en,
				Base,
			);
			mainGroup = F758C2252ABCA9DF009AF0DB;
			productRefGroup = F758C22F2ABCA9DF009AF0DB /* Products */;
			projectDirPath = "";
			projectRoot = "";
			targets = (
				F758C22D2ABCA9DF009AF0DB /* ProfileDesignView */,
			);
		};
/* End PBXProject section */

/* Begin PBXResourcesBuildPhase section */
		F758C22C2ABCA9DF009AF0DB /* Resources */ = {
			isa = PBXResourcesBuildPhase;
			buildActionMask = 2147483647;
			files = (
				F758C23E2ABCA9E0009AF0DB /* LaunchScreen.storyboard in Resources */,
				F758C23B2ABCA9E0009AF0DB /* Assets.xcassets in Resources */,
				F758C2392ABCA9DF009AF0DB /* Main.storyboard in Resources */,
			);
			runOnlyForDeploymentPostprocessing = 0;
		};
/* End PBXResourcesBuildPhase section */

/* Begin PBXSourcesBuildPhase section */
		F758C22A2ABCA9DF009AF0DB /* Sources */ = {
			isa = PBXSourcesBuildPhase;
			buildActionMask = 2147483647;
			files = (
				F758C2462ABCA9F8009AF0DB /* ProfileDesignViewController.swift in Sources */,
				F758C2362ABCA9DF009AF0DB /* ViewController.swift in Sources */,
				F758C2322ABCA9DF009AF0DB /* AppDelegate.swift in Sources */,
				F758C2342ABCA9DF009AF0DB /* SceneDelegate.swift in Sources */,
			);
			runOnlyForDeploymentPostprocessing = 0;
		};
/* End PBXSourcesBuildPhase section */

/* Begin PBXVariantGroup section */
		F758C2372ABCA9DF009AF0DB /* Main.storyboard */ = {
			isa = PBXVariantGroup;
			children = (
				F758C2382ABCA9DF009AF0DB /* Base */,
			);
			name = Main.storyboard;
			sourceTree = "<group>";
		};
		F758C23C2ABCA9E0009AF0DB /* LaunchScreen.storyboard */ = {
			isa = PBXVariantGroup;
			children = (
				F758C23D2ABCA9E0009AF0DB /* Base */,
			);
			name = LaunchScreen.storyboard;
			sourceTree = "<group>";
		};
/* End PBXVariantGroup section */

/* Begin XCBuildConfiguration section */
		F758C2402ABCA9E0009AF0DB /* Debug */ = {
			isa = XCBuildConfiguration;
			buildSettings = {
				ALWAYS_SEARCH_USER_PATHS = NO;
				CLANG_ANALYZER_NONNULL = YES;
				CLANG_ANALYZER_NUMBER_OBJECT_CONVERSION = YES_AGGRESSIVE;
				CLANG_CXX_LANGUAGE_STANDARD = "gnu++20";
				CLANG_ENABLE_MODULES = YES;
				CLANG_ENABLE_OBJC_ARC = YES;
				CLANG_ENABLE_OBJC_WEAK = YES;
				CLANG_WARN_BLOCK_CAPTURE_AUTORELEASING = YES;
				CLANG_WARN_BOOL_CONVERSION = YES;
				CLANG_WARN_COMMA = YES;
				CLANG_WARN_CONSTANT_CONVERSION = YES;
				CLANG_WARN_DEPRECATED_OBJC_IMPLEMENTATIONS = YES;
				CLANG_WARN_DIRECT_OBJC_ISA_USAGE = YES_ERROR;
				CLANG_WARN_DOCUMENTATION_COMMENTS = YES;
				CLANG_WARN_EMPTY_BODY = YES;
				CLANG_WARN_ENUM_CONVERSION = YES;
				CLANG_WARN_INFINITE_RECURSION = YES;
				CLANG_WARN_INT_CONVERSION = YES;
				CLANG_WARN_NON_LITERAL_NULL_CONVERSION = YES;
				CLANG_WARN_OBJC_IMPLICIT_RETAIN_SELF = YES;
				CLANG_WARN_OBJC_LITERAL_CONVERSION = YES;
				CLANG_WARN_OBJC_ROOT_CLASS = YES_ERROR;
				CLANG_WARN_QUOTED_INCLUDE_IN_FRAMEWORK_HEADER = YES;
				CLANG_WARN_RANGE_LOOP_ANALYSIS = YES;
				CLANG_WARN_STRICT_PROTOTYPES = YES;
				CLANG_WARN_SUSPICIOUS_MOVE = YES;
				CLANG_WARN_UNGUARDED_AVAILABILITY = YES_AGGRESSIVE;
				CLANG_WARN_UNREACHABLE_CODE = YES;
				CLANG_WARN__DUPLICATE_METHOD_MATCH = YES;
				COPY_PHASE_STRIP = NO;
				DEBUG_INFORMATION_FORMAT = dwarf;
				ENABLE_STRICT_OBJC_MSGSEND = YES;
				ENABLE_TESTABILITY = YES;
				GCC_C_LANGUAGE_STANDARD = gnu11;
				GCC_DYNAMIC_NO_PIC = NO;
				GCC_NO_COMMON_BLOCKS = YES;
				GCC_OPTIMIZATION_LEVEL = 0;
				GCC_PREPROCESSOR_DEFINITIONS = (
					"DEBUG=1",
					"$(inherited)",
				);
				GCC_WARN_64_TO_32_BIT_CONVERSION = YES;
				GCC_WARN_ABOUT_RETURN_TYPE = YES_ERROR;
				GCC_WARN_UNDECLARED_SELECTOR = YES;
				GCC_WARN_UNINITIALIZED_AUTOS = YES_AGGRESSIVE;
				GCC_WARN_UNUSED_FUNCTION = YES;
				GCC_WARN_UNUSED_VARIABLE = YES;
				IPHONEOS_DEPLOYMENT_TARGET = 16.4;
				MTL_ENABLE_DEBUG_INFO = INCLUDE_SOURCE;
				MTL_FAST_MATH = YES;
				ONLY_ACTIVE_ARCH = YES;
				SDKROOT = iphoneos;
				SWIFT_ACTIVE_COMPILATION_CONDITIONS = DEBUG;
				SWIFT_OPTIMIZATION_LEVEL = "-Onone";
			};
			name = Debug;
		};
		F758C2412ABCA9E0009AF0DB /* Release */ = {
			isa = XCBuildConfiguration;
			buildSettings = {
				ALWAYS_SEARCH_USER_PATHS = NO;
				CLANG_ANALYZER_NONNULL = YES;
				CLANG_ANALYZER_NUMBER_OBJECT_CONVERSION = YES_AGGRESSIVE;
				CLANG_CXX_LANGUAGE_STANDARD = "gnu++20";
				CLANG_ENABLE_MODULES = YES;
				CLANG_ENABLE_OBJC_ARC = YES;
				CLANG_ENABLE_OBJC_WEAK = YES;
				CLANG_WARN_BLOCK_CAPTURE_AUTORELEASING = YES;
				CLANG_WARN_BOOL_CONVERSION = YES;
				CLANG_WARN_COMMA = YES;
				CLANG_WARN_CONSTANT_CONVERSION = YES;
				CLANG_WARN_DEPRECATED_OBJC_IMPLEMENTATIONS = YES;
				CLANG_WARN_DIRECT_OBJC_ISA_USAGE = YES_ERROR;
				CLANG_WARN_DOCUMENTATION_COMMENTS = YES;
				CLANG_WARN_EMPTY_BODY = YES;
				CLANG_WARN_ENUM_CONVERSION = YES;
				CLANG_WARN_INFINITE_RECURSION = YES;
				CLANG_WARN_INT_CONVERSION = YES;
				CLANG_WARN_NON_LITERAL_NULL_CONVERSION = YES;
				CLANG_WARN_OBJC_IMPLICIT_RETAIN_SELF = YES;
				CLANG_WARN_OBJC_LITERAL_CONVERSION = YES;
				CLANG_WARN_OBJC_ROOT_CLASS = YES_ERROR;
				CLANG_WARN_QUOTED_INCLUDE_IN_FRAMEWORK_HEADER = YES;
				CLANG_WARN_RANGE_LOOP_ANALYSIS = YES;
				CLANG_WARN_STRICT_PROTOTYPES = YES;
				CLANG_WARN_SUSPICIOUS_MOVE = YES;
				CLANG_WARN_UNGUARDED_AVAILABILITY = YES_AGGRESSIVE;
				CLANG_WARN_UNREACHABLE_CODE = YES;
				CLANG_WARN__DUPLICATE_METHOD_MATCH = YES;
				COPY_PHASE_STRIP = NO;
				DEBUG_INFORMATION_FORMAT = "dwarf-with-dsym";
				ENABLE_NS_ASSERTIONS = NO;
				ENABLE_STRICT_OBJC_MSGSEND = YES;
				GCC_C_LANGUAGE_STANDARD = gnu11;
				GCC_NO_COMMON_BLOCKS = YES;
				GCC_WARN_64_TO_32_BIT_CONVERSION = YES;
				GCC_WARN_ABOUT_RETURN_TYPE = YES_ERROR;
				GCC_WARN_UNDECLARED_SELECTOR = YES;
				GCC_WARN_UNINITIALIZED_AUTOS = YES_AGGRESSIVE;
				GCC_WARN_UNUSED_FUNCTION = YES;
				GCC_WARN_UNUSED_VARIABLE = YES;
				IPHONEOS_DEPLOYMENT_TARGET = 16.4;
				MTL_ENABLE_DEBUG_INFO = NO;
				MTL_FAST_MATH = YES;
				SDKROOT = iphoneos;
				SWIFT_COMPILATION_MODE = wholemodule;
				SWIFT_OPTIMIZATION_LEVEL = "-O";
				VALIDATE_PRODUCT = YES;
			};
			name = Release;
		};
		F758C2432ABCA9E0009AF0DB /* Debug */ = {
			isa = XCBuildConfiguration;
			buildSettings = {
				ASSETCATALOG_COMPILER_APPICON_NAME = AppIcon;
				ASSETCATALOG_COMPILER_GLOBAL_ACCENT_COLOR_NAME = AccentColor;
				CODE_SIGN_STYLE = Automatic;
				CURRENT_PROJECT_VERSION = 1;
				GENERATE_INFOPLIST_FILE = YES;
				INFOPLIST_FILE = ProfileDesignView/Info.plist;
				INFOPLIST_KEY_UIApplicationSupportsIndirectInputEvents = YES;
				INFOPLIST_KEY_UILaunchStoryboardName = LaunchScreen;
				INFOPLIST_KEY_UIMainStoryboardFile = Main;
				INFOPLIST_KEY_UISupportedInterfaceOrientations_iPad = "UIInterfaceOrientationPortrait UIInterfaceOrientationPortraitUpsideDown UIInterfaceOrientationLandscapeLeft UIInterfaceOrientationLandscapeRight";
				INFOPLIST_KEY_UISupportedInterfaceOrientations_iPhone = "UIInterfaceOrientationPortrait UIInterfaceOrientationLandscapeLeft UIInterfaceOrientationLandscapeRight";
				LD_RUNPATH_SEARCH_PATHS = (
					"$(inherited)",
					"@executable_path/Frameworks",
				);
				MARKETING_VERSION = 1.0;
				PRODUCT_BUNDLE_IDENTIFIER = hajin.ProfileDesignView;
				PRODUCT_NAME = "$(TARGET_NAME)";
				SWIFT_EMIT_LOC_STRINGS = YES;
				SWIFT_VERSION = 5.0;
				TARGETED_DEVICE_FAMILY = "1,2";
			};
			name = Debug;
		};
		F758C2442ABCA9E0009AF0DB /* Release */ = {
			isa = XCBuildConfiguration;
			buildSettings = {
				ASSETCATALOG_COMPILER_APPICON_NAME = AppIcon;
				ASSETCATALOG_COMPILER_GLOBAL_ACCENT_COLOR_NAME = AccentColor;
				CODE_SIGN_STYLE = Automatic;
				CURRENT_PROJECT_VERSION = 1;
				GENERATE_INFOPLIST_FILE = YES;
				INFOPLIST_FILE = ProfileDesignView/Info.plist;
				INFOPLIST_KEY_UIApplicationSupportsIndirectInputEvents = YES;
				INFOPLIST_KEY_UILaunchStoryboardName = LaunchScreen;
				INFOPLIST_KEY_UIMainStoryboardFile = Main;
				INFOPLIST_KEY_UISupportedInterfaceOrientations_iPad = "UIInterfaceOrientationPortrait UIInterfaceOrientationPortraitUpsideDown UIInterfaceOrientationLandscapeLeft UIInterfaceOrientationLandscapeRight";
				INFOPLIST_KEY_UISupportedInterfaceOrientations_iPhone = "UIInterfaceOrientationPortrait UIInterfaceOrientationLandscapeLeft UIInterfaceOrientationLandscapeRight";
				LD_RUNPATH_SEARCH_PATHS = (
					"$(inherited)",
					"@executable_path/Frameworks",
				);
				MARKETING_VERSION = 1.0;
				PRODUCT_BUNDLE_IDENTIFIER = hajin.ProfileDesignView;
				PRODUCT_NAME = "$(TARGET_NAME)";
				SWIFT_EMIT_LOC_STRINGS = YES;
				SWIFT_VERSION = 5.0;
				TARGETED_DEVICE_FAMILY = "1,2";
			};
			name = Release;
		};
/* End XCBuildConfiguration section */

/* Begin XCConfigurationList section */
		F758C2292ABCA9DF009AF0DB /* Build configuration list for PBXProject "ProfileDesignView" */ = {
			isa = XCConfigurationList;
			buildConfigurations = (
				F758C2402ABCA9E0009AF0DB /* Debug */,
				F758C2412ABCA9E0009AF0DB /* Release */,
			);
			defaultConfigurationIsVisible = 0;
			defaultConfigurationName = Release;
		};
		F758C2422ABCA9E0009AF0DB /* Build configuration list for PBXNativeTarget "ProfileDesignView" */ = {
			isa = XCConfigurationList;
			buildConfigurations = (
				F758C2432ABCA9E0009AF0DB /* Debug */,
				F758C2442ABCA9E0009AF0DB /* Release */,
			);
			defaultConfigurationIsVisible = 0;
			defaultConfigurationName = Release;
		};
/* End XCConfigurationList section */
	};
	rootObject = F758C2262ABCA9DF009AF0DB /* Project object */;
}
